
Microsoft Visual Studio Solution File, Format Version 12.00
# Visual Studio 2013
VisualStudioVersion = 12.0.40629.0
MinimumVisualStudioVersion = 10.0.40219.1
Project("{FAE04EC0-301F-11D3-BF4B-00C04F79EFBC}") = "Rocks.SimpleInjector", "Rocks.SimpleInjector\Rocks.SimpleInjector.csproj", "{1E3EB73A-5314-4104-A678-39E601501AE3}"
EndProject
Project("{FAE04EC0-301F-11D3-BF4B-00C04F79EFBC}") = "Rocks.SimpleInjector.Tests", "Rocks.SimpleInjector.Tests\Rocks.SimpleInjector.Tests.csproj", "{095C370D-FE5D-42AA-9F34-FA4CBC2D0620}"
EndProject
Project("{2150E333-8FDC-42A3-9474-1A3956D46DE8}") = "Tests", "Tests", "{DB19986A-0918-4FDC-8033-DEFC5CCAC527}"
EndProject
Project("{FAE04EC0-301F-11D3-BF4B-00C04F79EFBC}") = "Rocks.SimpleInjector.Tests.Library", "Rocks.SimpleInjector.Tests.Library\Rocks.SimpleInjector.Tests.Library.csproj", "{78EB73F3-8188-4059-81F2-B3CAA0CB0669}"
EndProject
Global
	GlobalSection(SolutionConfigurationPlatforms) = preSolution
		Debug|Any CPU = Debug|Any CPU
		Release|Any CPU = Release|Any CPU
	EndGlobalSection
	GlobalSection(ProjectConfigurationPlatforms) = postSolution
		{1E3EB73A-5314-4104-A678-39E601501AE3}.Debug|Any CPU.ActiveCfg = Debug|Any CPU
		{1E3EB73A-5314-4104-A678-39E601501AE3}.Debug|Any CPU.Build.0 = Debug|Any CPU
		{1E3EB73A-5314-4104-A678-39E601501AE3}.Release|Any CPU.ActiveCfg = Release|Any CPU
		{1E3EB73A-5314-4104-A678-39E601501AE3}.Release|Any CPU.Build.0 = Release|Any CPU
		{095C370D-FE5D-42AA-9F34-FA4CBC2D0620}.Debug|Any CPU.ActiveCfg = Debug|Any CPU
		{095C370D-FE5D-42AA-9F34-FA4CBC2D0620}.Debug|Any CPU.Build.0 = Debug|Any CPU
		{095C370D-FE5D-42AA-9F34-FA4CBC2D0620}.Release|Any CPU.ActiveCfg = Release|Any CPU
		{095C370D-FE5D-42AA-9F34-FA4CBC2D0620}.Release|Any CPU.Build.0 = Release|Any CPU
		{78EB73F3-8188-4059-81F2-B3CAA0CB0669}.Debug|Any CPU.ActiveCfg = Debug|Any CPU
		{78EB73F3-8188-4059-81F2-B3CAA0CB0669}.Debug|Any CPU.Build.0 = Debug|Any CPU
		{78EB73F3-8188-4059-81F2-B3CAA0CB0669}.Release|Any CPU.ActiveCfg = Release|Any CPU
		{78EB73F3-8188-4059-81F2-B3CAA0CB0669}.Release|Any CPU.Build.0 = Release|Any CPU
	EndGlobalSection
	GlobalSection(SolutionProperties) = preSolution
		HideSolutionNode = FALSE
	EndGlobalSection
	GlobalSection(NestedProjects) = preSolution
		{78EB73F3-8188-4059-81F2-B3CAA0CB0669} = {DB19986A-0918-4FDC-8033-DEFC5CCAC527}
	EndGlobalSection
EndGlobal
